PODS:
  - Action (4.2.0):
    - RxCocoa (< 7.0, >= 5.0)
    - RxSwift (< 7.0, >= 5.0)
  - Differentiator (4.0.1)
  - Realm (10.8.0):
    - Realm/Headers (= 10.8.0)
  - Realm/Headers (10.8.0)
  - RealmSwift (10.8.0):
    - Realm (= 10.8.0)
  - RxBlocking (5.1.1):
    - RxSwift (~> 5)
  - RxCocoa (5.1.1):
    - RxRelay (~> 5)
    - RxSwift (~> 5)
  - RxDataSources (4.0.1):
    - Differentiator (~> 4.0)
    - RxCocoa (~> 5.0)
    - RxSwift (~> 5.0)
  - RxRealm (4.0.3):
    - Realm (~> 10.5)
    - RealmSwift (~> 10.5)
    - RxCocoa (~> 5.1)
    - RxSwift (~> 5.1)
  - RxRelay (5.1.1):
    - RxSwift (~> 5)
  - RxSwift (5.1.2)
  - RxTest (5.1.2):
    - RxSwift (~> 5)
  - RxTimelane (1.0.9):
    - RxSwift (~> 5.1)
    - TimelaneCore (~> 1.0)
  - TimelaneCore (1.0.11)

DEPENDENCIES:
  - Action (~> 4.0)
  - RealmSwift (~> 10.0)
  - RxBlocking (~> 5.1.1)
  - RxCocoa (~> 5.1.1)
  - RxDataSources (~> 4.0)
  - RxRealm (~> 4.0.2)
  - RxSwift (~> 5.1.1)
  - RxTest (~> 5.1.1)
  - RxTimelane (= 1.0.9)

SPEC REPOS:
  trunk:
    - Action
    - Differentiator
    - Realm
    - RealmSwift
    - RxBlocking
    - RxCocoa
    - RxDataSources
    - RxRealm
    - RxRelay
    - RxSwift
    - RxTest
    - RxTimelane
    - TimelaneCore

SPEC CHECKSUMS:
  Action: 5dc2194f7a0b77857c82a677b0da655f197c005f
  Differentiator: 886080237d9f87f322641dedbc5be257061b0602
  Realm: ad3c5cd762e5a5bc02080fc55aa04a0e43f98575
  RealmSwift: 316e450478fb01e06ece4438dda42f407c5f51d2
  RxBlocking: 5f700a78cad61ce253ebd37c9a39b5ccc76477b4
  RxCocoa: 32065309a38d29b5b0db858819b5bf9ef038b601
  RxDataSources: efee07fa4de48477eca0a4611e6d11e2da9c1114
  RxRealm: 80e8dc97f7b664d9b89192ac850daaa33c34d157
  RxRelay: d77f7d771495f43c556cbc43eebd1bb54d01e8e9
  RxSwift: 1e2e1f9570186967f617e49128ed26ccf1bafc8e
  RxTest: 274549b747dca56f47c52c8991ec5cf797ecfe40
  RxTimelane: 1579e15e7ae1d34c96a3952fe188318f6448bc5a
  TimelaneCore: 715a01e534cea5d4785309767cd9e7c012380024

PODFILE CHECKSUM: ac21c2b7d598eb584d04efb50d3495b73f80d8ab

COCOAPODS: 1.10.1
